
Microsoft Visual Studio Solution File, Format Version 12.00
# Visual Studio 15
VisualStudioVersion = 15.0.26124.0
MinimumVisualStudioVersion = 15.0.26124.0
Project("{FAE04EC0-301F-11D3-BF4B-00C04F79EFBC}") = "Week3", "Week3\Week3.csproj", "{76B9E238-530C-4032-B6D0-20EC5DFDE4FE}"
EndProject
Project("{FAE04EC0-301F-11D3-BF4B-00C04F79EFBC}") = "Week3.Test", "Week3.Test\Week3.Test.csproj", "{375CBD34-1D87-49C5-BFF4-916E4DDF811A}"
EndProject
Global
	GlobalSection(SolutionConfigurationPlatforms) = preSolution
		Debug|Any CPU = Debug|Any CPU
		Debug|x64 = Debug|x64
		Debug|x86 = Debug|x86
		Release|Any CPU = Release|Any CPU
		Release|x64 = Release|x64
		Release|x86 = Release|x86
	EndGlobalSection
	GlobalSection(SolutionProperties) = preSolution
		HideSolutionNode = FALSE
	EndGlobalSection
	GlobalSection(ProjectConfigurationPlatforms) = postSolution
		{76B9E238-530C-4032-B6D0-20EC5DFDE4FE}.Debug|Any CPU.ActiveCfg = Debug|Any CPU
		{76B9E238-530C-4032-B6D0-20EC5DFDE4FE}.Debug|Any CPU.Build.0 = Debug|Any CPU
		{76B9E238-530C-4032-B6D0-20EC5DFDE4FE}.Debug|x64.ActiveCfg = Debug|Any CPU
		{76B9E238-530C-4032-B6D0-20EC5DFDE4FE}.Debug|x64.Build.0 = Debug|Any CPU
		{76B9E238-530C-4032-B6D0-20EC5DFDE4FE}.Debug|x86.ActiveCfg = Debug|Any CPU
		{76B9E238-530C-4032-B6D0-20EC5DFDE4FE}.Debug|x86.Build.0 = Debug|Any CPU
		{76B9E238-530C-4032-B6D0-20EC5DFDE4FE}.Release|Any CPU.ActiveCfg = Release|Any CPU
		{76B9E238-530C-4032-B6D0-20EC5DFDE4FE}.Release|Any CPU.Build.0 = Release|Any CPU
		{76B9E238-530C-4032-B6D0-20EC5DFDE4FE}.Release|x64.ActiveCfg = Release|Any CPU
		{76B9E238-530C-4032-B6D0-20EC5DFDE4FE}.Release|x64.Build.0 = Release|Any CPU
		{76B9E238-530C-4032-B6D0-20EC5DFDE4FE}.Release|x86.ActiveCfg = Release|Any CPU
		{76B9E238-530C-4032-B6D0-20EC5DFDE4FE}.Release|x86.Build.0 = Release|Any CPU
		{375CBD34-1D87-49C5-BFF4-916E4DDF811A}.Debug|Any CPU.ActiveCfg = Debug|Any CPU
		{375CBD34-1D87-49C5-BFF4-916E4DDF811A}.Debug|Any CPU.Build.0 = Debug|Any CPU
		{375CBD34-1D87-49C5-BFF4-916E4DDF811A}.Debug|x64.ActiveCfg = Debug|Any CPU
		{375CBD34-1D87-49C5-BFF4-916E4DDF811A}.Debug|x64.Build.0 = Debug|Any CPU
		{375CBD34-1D87-49C5-BFF4-916E4DDF811A}.Debug|x86.ActiveCfg = Debug|Any CPU
		{375CBD34-1D87-49C5-BFF4-916E4DDF811A}.Debug|x86.Build.0 = Debug|Any CPU
		{375CBD34-1D87-49C5-BFF4-916E4DDF811A}.Release|Any CPU.ActiveCfg = Release|Any CPU
		{375CBD34-1D87-49C5-BFF4-916E4DDF811A}.Release|Any CPU.Build.0 = Release|Any CPU
		{375CBD34-1D87-49C5-BFF4-916E4DDF811A}.Release|x64.ActiveCfg = Release|Any CPU
		{375CBD34-1D87-49C5-BFF4-916E4DDF811A}.Release|x64.Build.0 = Release|Any CPU
		{375CBD34-1D87-49C5-BFF4-916E4DDF811A}.Release|x86.ActiveCfg = Release|Any CPU
		{375CBD34-1D87-49C5-BFF4-916E4DDF811A}.Release|x86.Build.0 = Release|Any CPU
	EndGlobalSection
EndGlobal
